
Microsoft Visual Studio Solution File, Format Version 12.00
# Visual Studio 15
VisualStudioVersion = 15.0.28010.2003
MinimumVisualStudioVersion = 10.0.40219.1
Project("{FAE04EC0-301F-11D3-BF4B-00C04F79EFBC}") = "EssentialTools", "EssentialTools\EssentialTools.csproj", "{06B0CF4E-184B-49EC-8D20-EC9AFB7A6DBF}"
EndProject
Project("{FAE04EC0-301F-11D3-BF4B-00C04F79EFBC}") = "EssentialTools.Tests", "EssentialTools.Tests\EssentialTools.Tests.csproj", "{AFDABFCD-5904-4A73-8E3B-480017EC3634}"
EndProject
Global
	GlobalSection(SolutionConfigurationPlatforms) = preSolution
		Debug|Any CPU = Debug|Any CPU
		Release|Any CPU = Release|Any CPU
	EndGlobalSection
	GlobalSection(ProjectConfigurationPlatforms) = postSolution
		{06B0CF4E-184B-49EC-8D20-EC9AFB7A6DBF}.Debug|Any CPU.ActiveCfg = Debug|Any CPU
		{06B0CF4E-184B-49EC-8D20-EC9AFB7A6DBF}.Debug|Any CPU.Build.0 = Debug|Any CPU
		{06B0CF4E-184B-49EC-8D20-EC9AFB7A6DBF}.Release|Any CPU.ActiveCfg = Release|Any CPU
		{06B0CF4E-184B-49EC-8D20-EC9AFB7A6DBF}.Release|Any CPU.Build.0 = Release|Any CPU
		{AFDABFCD-5904-4A73-8E3B-480017EC3634}.Debug|Any CPU.ActiveCfg = Debug|Any CPU
		{AFDABFCD-5904-4A73-8E3B-480017EC3634}.Debug|Any CPU.Build.0 = Debug|Any CPU
		{AFDABFCD-5904-4A73-8E3B-480017EC3634}.Release|Any CPU.ActiveCfg = Release|Any CPU
		{AFDABFCD-5904-4A73-8E3B-480017EC3634}.Release|Any CPU.Build.0 = Release|Any CPU
	EndGlobalSection
	GlobalSection(SolutionProperties) = preSolution
		HideSolutionNode = FALSE
	EndGlobalSection
	GlobalSection(ExtensibilityGlobals) = postSolution
		SolutionGuid = {FCC08F65-1DAC-44F2-8C16-66D07C2D27FC}
	EndGlobalSection
EndGlobal
